<Solution>
  <Project Path="NetflixHouseholdConfirmator/NetflixHouseholdConfirmator.csproj" />
  <Project Path="NetflixHouseholdConfirmator.IntegrationTests/NetflixHouseholdConfirmator.IntegrationTests.csproj" />
  <Project Path="NetflixHouseholdConfirmator.UnitTests/NetflixHouseholdConfirmator.UnitTests.csproj" />
</Solution>
